{
	"name": "cloudflare-workers-tmp",
	"version": "0.0.1",
	"lockfileVersion": 3,
	"requires": true,
	"packages": {
		"": {
			"version": "0.0.1",
			"dependencies": {
				"@cloudflare/kv-asset-handler": "~0.1.3"
			}
		},
		"node_modules/@cloudflare/kv-asset-handler": {
			"version": "0.1.3",
			"resolved": "https://registry.npmjs.org/@cloudflare/kv-asset-handler/-/kv-asset-handler-0.1.3.tgz",
			"integrity": "sha512-FNcunDuTmEfQTLRLtA6zz+buIXUHj1soPvSWzzQFBC+n2lsy+CGf/NIrR3SEPCmsVNQj70/Jx2lViCpq+09YpQ==",
			"license": "MIT OR Apache-2.0",
			"dependencies": {
				"mime": "^2.5.2"
			}
		},
		"node_modules/mime": {
			"version": "2.6.0",
			"resolved": "https://registry.npmjs.org/mime/-/mime-2.6.0.tgz",
			"integrity": "sha512-USPkMeET31rOMiarsBNIHZKLGgvKc/LrjofAnBlOttf5ajRvqiRA8QsenbcooctK6d6Ts6aqZXBA+XbkKthiQg==",
			"license": "MIT",
			"bin": {
				"mime": "cli.js"
			},
			"engines": {
				"node": ">=4.0.0"
			}
		}
	}
}
